
Microsoft Visual Studio Solution File, Format Version 12.00
# Visual Studio Version 17
VisualStudioVersion = 17.9.34728.123
MinimumVisualStudioVersion = 10.0.40219.1
Project("{FAE04EC0-301F-11D3-BF4B-00C04F79EFBC}") = "CoffeeShopProductList", "CoffeeShopProductList\CoffeeShopProductList.csproj", "{FEAD5F89-467A-4283-A167-52C4EF10F74A}"
EndProject
Global
	GlobalSection(SolutionConfigurationPlatforms) = preSolution
		Debug|Any CPU = Debug|Any CPU
		Release|Any CPU = Release|Any CPU
	EndGlobalSection
	GlobalSection(ProjectConfigurationPlatforms) = postSolution
		{FEAD5F89-467A-4283-A167-52C4EF10F74A}.Debug|Any CPU.ActiveCfg = Debug|Any CPU
		{FEAD5F89-467A-4283-A167-52C4EF10F74A}.Debug|Any CPU.Build.0 = Debug|Any CPU
		{FEAD5F89-467A-4283-A167-52C4EF10F74A}.Release|Any CPU.ActiveCfg = Release|Any CPU
		{FEAD5F89-467A-4283-A167-52C4EF10F74A}.Release|Any CPU.Build.0 = Release|Any CPU
	EndGlobalSection
	GlobalSection(SolutionProperties) = preSolution
		HideSolutionNode = FALSE
	EndGlobalSection
	GlobalSection(ExtensibilityGlobals) = postSolution
		SolutionGuid = {BDE5EBB1-9B03-4123-A7F7-C39E9D76F5B5}
	EndGlobalSection
EndGlobal
